
Microsoft Visual Studio Solution File, Format Version 12.00
# Visual Studio 15
VisualStudioVersion = 15.0.26730.12
MinimumVisualStudioVersion = 10.0.40219.1
Project("{FAE04EC0-301F-11D3-BF4B-00C04F79EFBC}") = "DocumentsLesson", "DocumentsLesson\DocumentsLesson.csproj", "{261A5EFD-C9E2-4A8D-85C5-F5FC821F4CAA}"
EndProject
Global
	GlobalSection(SolutionConfigurationPlatforms) = preSolution
		Debug|Any CPU = Debug|Any CPU
		Release|Any CPU = Release|Any CPU
	EndGlobalSection
	GlobalSection(ProjectConfigurationPlatforms) = postSolution
		{261A5EFD-C9E2-4A8D-85C5-F5FC821F4CAA}.Debug|Any CPU.ActiveCfg = Debug|Any CPU
		{261A5EFD-C9E2-4A8D-85C5-F5FC821F4CAA}.Debug|Any CPU.Build.0 = Debug|Any CPU
		{261A5EFD-C9E2-4A8D-85C5-F5FC821F4CAA}.Release|Any CPU.ActiveCfg = Release|Any CPU
		{261A5EFD-C9E2-4A8D-85C5-F5FC821F4CAA}.Release|Any CPU.Build.0 = Release|Any CPU
	EndGlobalSection
	GlobalSection(SolutionProperties) = preSolution
		HideSolutionNode = FALSE
	EndGlobalSection
	GlobalSection(ExtensibilityGlobals) = postSolution
		SolutionGuid = {0D2BF72F-2026-44C9-A05A-30F8C94FA6AF}
	EndGlobalSection
EndGlobal
